{
  "version": "4",
  "specifiers": {
    "jsr:@online/is@^0.0.1": "0.0.1",
    "jsr:@online/is@^0.0.2": "0.0.2",
    "jsr:@online/tinyserializer@^0.0.13": "0.0.13",
    "jsr:@online/tinyserializers@^0.0.5": "0.0.5",
    "jsr:@std/assert@1": "1.0.8",
    "jsr:@std/internal@^1.0.5": "1.0.5"
  },
  "jsr": {
    "@online/is@0.0.1": {
      "integrity": "dba4c1e8932c552a5acec0551ccb22e2debfd3bfc91698d82e7b2cee81e6218c"
    },
    "@online/is@0.0.2": {
      "integrity": "9f3ca6190c4bef05f444938a3ea7896f316daf0ac58d40203f3f6131b17d371b"
    },
    "@online/tinyserializer@0.0.13": {
      "integrity": "1af7125cf8bf3dd3500690e9c1ffff907b9c943f5504ae51bf5ae106fe203a4d",
      "dependencies": [
        "jsr:@online/is@^0.0.1"
      ]
    },
    "@online/tinyserializers@0.0.5": {
      "integrity": "feac3ed4dd30ba4de423b54717fab99814d8b8805d128d019d6e591e334d9cb1",
      "dependencies": [
        "jsr:@online/tinyserializer"
      ]
    },
    "@std/assert@1.0.8": {
      "integrity": "ebe0bd7eb488ee39686f77003992f389a06c3da1bbd8022184804852b2fa641b",
      "dependencies": [
        "jsr:@std/internal"
      ]
    },
    "@std/internal@1.0.5": {
      "integrity": "54a546004f769c1ac9e025abd15a76b6671ddc9687e2313b67376125650dc7ba"
    }
  },
  "workspace": {
    "dependencies": [
      "jsr:@online/is@^0.0.2",
      "jsr:@online/tinyserializer@^0.0.13",
      "jsr:@online/tinyserializers@^0.0.5",
      "jsr:@std/assert@1"
    ]
  }
}
